
Microsoft Visual Studio Solution File, Format Version 12.00
# Visual Studio 15
VisualStudioVersion = 15.0.28307.1705
MinimumVisualStudioVersion = 10.0.40219.1
Project("{FAE04EC0-301F-11D3-BF4B-00C04F79EFBC}") = "csv2vtodo", "csv2vtodo\csv2vtodo.csproj", "{3B518F09-B0EF-4990-9AF0-B47E0C517201}"
EndProject
Global
	GlobalSection(SolutionConfigurationPlatforms) = preSolution
		Debug|Any CPU = Debug|Any CPU
		Release|Any CPU = Release|Any CPU
	EndGlobalSection
	GlobalSection(ProjectConfigurationPlatforms) = postSolution
		{3B518F09-B0EF-4990-9AF0-B47E0C517201}.Debug|Any CPU.ActiveCfg = Debug|Any CPU
		{3B518F09-B0EF-4990-9AF0-B47E0C517201}.Debug|Any CPU.Build.0 = Debug|Any CPU
		{3B518F09-B0EF-4990-9AF0-B47E0C517201}.Release|Any CPU.ActiveCfg = Release|Any CPU
		{3B518F09-B0EF-4990-9AF0-B47E0C517201}.Release|Any CPU.Build.0 = Release|Any CPU
	EndGlobalSection
	GlobalSection(SolutionProperties) = preSolution
		HideSolutionNode = FALSE
	EndGlobalSection
	GlobalSection(ExtensibilityGlobals) = postSolution
		SolutionGuid = {DDF4791C-8E70-4703-988D-9AF8781E6BD4}
	EndGlobalSection
EndGlobal
